
Microsoft Visual Studio Solution File, Format Version 12.00
Project("{FAE04EC0-301F-11D3-BF4B-00C04F79EFBC}") = "learning-csharp", "src\learning-csharp\learning-csharp.csproj", "{D217E881-3279-4278-AE3A-175F5954F9B6}"
EndProject
Project("{FAE04EC0-301F-11D3-BF4B-00C04F79EFBC}") = "learning-csharp-test", "src\learning-csharp-test\learning-csharp-test.csproj", "{68E386B4-C016-4AB7-928E-B9E32C3E2E9F}"
EndProject
Project("{FAE04EC0-301F-11D3-BF4B-00C04F79EFBC}") = "learning-csharp-lib", "src\learning-csharp-lib\learning-csharp-lib.csproj", "{B6EBA519-5EA4-462C-BDFF-1D9B439FC0EF}"
EndProject
Project("{FAE04EC0-301F-11D3-BF4B-00C04F79EFBC}") = "learning-csharp-razor", "src\learning-csharp-razor\learning-csharp-razor.csproj", "{DB62554B-9D30-4BE6-AD2C-8C37C9AC92A5}"
EndProject
Project("{FAE04EC0-301F-11D3-BF4B-00C04F79EFBC}") = "learning-csharp-northwind", "src\learning-csharp-northwind\learning-csharp-northwind.csproj", "{36EEFD00-4EBC-4520-B4C7-C5C3059003F9}"
EndProject
Project("{FAE04EC0-301F-11D3-BF4B-00C04F79EFBC}") = "learning-csharp-razor-lib", "src\learning-csharp-razor-lib\learning-csharp-razor-lib.csproj", "{1214194D-82BD-41DD-BCA4-98D224E9426C}"
EndProject
Project("{FAE04EC0-301F-11D3-BF4B-00C04F79EFBC}") = "learning-csharp-mvc", "src\learning-csharp-mvc\learning-csharp-mvc.csproj", "{51073340-1B73-442A-82A1-2ECA4E2B3484}"
EndProject
Project("{FAE04EC0-301F-11D3-BF4B-00C04F79EFBC}") = "learning-csharp-api", "src\learning-csharp-api\learning-csharp-api.csproj", "{6CE9DE95-E2BC-470F-8055-3895E6EF3C51}"
EndProject
Global
	GlobalSection(SolutionConfigurationPlatforms) = preSolution
		Debug|Any CPU = Debug|Any CPU
		Release|Any CPU = Release|Any CPU
	EndGlobalSection
	GlobalSection(ProjectConfigurationPlatforms) = postSolution
		{D217E881-3279-4278-AE3A-175F5954F9B6}.Debug|Any CPU.ActiveCfg = Debug|Any CPU
		{D217E881-3279-4278-AE3A-175F5954F9B6}.Debug|Any CPU.Build.0 = Debug|Any CPU
		{D217E881-3279-4278-AE3A-175F5954F9B6}.Release|Any CPU.ActiveCfg = Release|Any CPU
		{D217E881-3279-4278-AE3A-175F5954F9B6}.Release|Any CPU.Build.0 = Release|Any CPU
		{68E386B4-C016-4AB7-928E-B9E32C3E2E9F}.Debug|Any CPU.ActiveCfg = Debug|Any CPU
		{68E386B4-C016-4AB7-928E-B9E32C3E2E9F}.Debug|Any CPU.Build.0 = Debug|Any CPU
		{68E386B4-C016-4AB7-928E-B9E32C3E2E9F}.Release|Any CPU.ActiveCfg = Release|Any CPU
		{68E386B4-C016-4AB7-928E-B9E32C3E2E9F}.Release|Any CPU.Build.0 = Release|Any CPU
		{B6EBA519-5EA4-462C-BDFF-1D9B439FC0EF}.Debug|Any CPU.ActiveCfg = Debug|Any CPU
		{B6EBA519-5EA4-462C-BDFF-1D9B439FC0EF}.Debug|Any CPU.Build.0 = Debug|Any CPU
		{B6EBA519-5EA4-462C-BDFF-1D9B439FC0EF}.Release|Any CPU.ActiveCfg = Release|Any CPU
		{B6EBA519-5EA4-462C-BDFF-1D9B439FC0EF}.Release|Any CPU.Build.0 = Release|Any CPU
		{DB62554B-9D30-4BE6-AD2C-8C37C9AC92A5}.Debug|Any CPU.ActiveCfg = Debug|Any CPU
		{DB62554B-9D30-4BE6-AD2C-8C37C9AC92A5}.Debug|Any CPU.Build.0 = Debug|Any CPU
		{DB62554B-9D30-4BE6-AD2C-8C37C9AC92A5}.Release|Any CPU.ActiveCfg = Release|Any CPU
		{DB62554B-9D30-4BE6-AD2C-8C37C9AC92A5}.Release|Any CPU.Build.0 = Release|Any CPU
		{36EEFD00-4EBC-4520-B4C7-C5C3059003F9}.Debug|Any CPU.ActiveCfg = Debug|Any CPU
		{36EEFD00-4EBC-4520-B4C7-C5C3059003F9}.Debug|Any CPU.Build.0 = Debug|Any CPU
		{36EEFD00-4EBC-4520-B4C7-C5C3059003F9}.Release|Any CPU.ActiveCfg = Release|Any CPU
		{36EEFD00-4EBC-4520-B4C7-C5C3059003F9}.Release|Any CPU.Build.0 = Release|Any CPU
		{1214194D-82BD-41DD-BCA4-98D224E9426C}.Debug|Any CPU.ActiveCfg = Debug|Any CPU
		{1214194D-82BD-41DD-BCA4-98D224E9426C}.Debug|Any CPU.Build.0 = Debug|Any CPU
		{1214194D-82BD-41DD-BCA4-98D224E9426C}.Release|Any CPU.ActiveCfg = Release|Any CPU
		{1214194D-82BD-41DD-BCA4-98D224E9426C}.Release|Any CPU.Build.0 = Release|Any CPU
		{51073340-1B73-442A-82A1-2ECA4E2B3484}.Debug|Any CPU.ActiveCfg = Debug|Any CPU
		{51073340-1B73-442A-82A1-2ECA4E2B3484}.Debug|Any CPU.Build.0 = Debug|Any CPU
		{51073340-1B73-442A-82A1-2ECA4E2B3484}.Release|Any CPU.ActiveCfg = Release|Any CPU
		{51073340-1B73-442A-82A1-2ECA4E2B3484}.Release|Any CPU.Build.0 = Release|Any CPU
		{6CE9DE95-E2BC-470F-8055-3895E6EF3C51}.Debug|Any CPU.ActiveCfg = Debug|Any CPU
		{6CE9DE95-E2BC-470F-8055-3895E6EF3C51}.Debug|Any CPU.Build.0 = Debug|Any CPU
		{6CE9DE95-E2BC-470F-8055-3895E6EF3C51}.Release|Any CPU.ActiveCfg = Release|Any CPU
		{6CE9DE95-E2BC-470F-8055-3895E6EF3C51}.Release|Any CPU.Build.0 = Release|Any CPU
	EndGlobalSection
EndGlobal
