
Microsoft Visual Studio Solution File, Format Version 12.00
Project("{FAE04EC0-301F-11D3-BF4B-00C04F79EFBC}") = "learning-csharp", "src\learning-csharp\learning-csharp.csproj", "{D217E881-3279-4278-AE3A-175F5954F9B6}"
EndProject
Project("{FAE04EC0-301F-11D3-BF4B-00C04F79EFBC}") = "learning-csharp-test", "src\learning-csharp-test\learning-csharp-test.csproj", "{68E386B4-C016-4AB7-928E-B9E32C3E2E9F}"
EndProject
Project("{FAE04EC0-301F-11D3-BF4B-00C04F79EFBC}") = "learning-csharp-lib", "src\learning-csharp-lib\learning-csharp-lib.csproj", "{B6EBA519-5EA4-462C-BDFF-1D9B439FC0EF}"
EndProject
Project("{FAE04EC0-301F-11D3-BF4B-00C04F79EFBC}") = "learning-csharp-razor", "src\learning-csharp-razor\learning-csharp-razor.csproj", "{DB62554B-9D30-4BE6-AD2C-8C37C9AC92A5}"
EndProject
Project("{FAE04EC0-301F-11D3-BF4B-00C04F79EFBC}") = "learning-csharp-northwind", "src\learning-csharp-northwind\learning-csharp-northwind.csproj", "{36EEFD00-4EBC-4520-B4C7-C5C3059003F9}"
EndProject
Project("{FAE04EC0-301F-11D3-BF4B-00C04F79EFBC}") = "learning-csharp-razor-lib", "src\learning-csharp-razor-lib\learning-csharp-razor-lib.csproj", "{1214194D-82BD-41DD-BCA4-98D224E9426C}"
EndProject
Project("{FAE04EC0-301F-11D3-BF4B-00C04F79EFBC}") = "learning-csharp-mvc", "src\learning-csharp-mvc\learning-csharp-mvc.csproj", "{51073340-1B73-442A-82A1-2ECA4E2B3484}"
EndProject
Project("{FAE04EC0-301F-11D3-BF4B-00C04F79EFBC}") = "learning-csharp-api", "src\learning-csharp-api\learning-csharp-api.csproj", "{6CE9DE95-E2BC-470F-8055-3895E6EF3C51}"
EndProject
Project("{FAE04EC0-301F-11D3-BF4B-00C04F79EFBC}") = "learning-csharp-blazor", "src\learning-csharp-blazor\learning-csharp-blazor.csproj", "{BDF76CDE-368A-4F0D-AE91-2BDC8A7BD5FA}"
EndProject
Project("{FAE04EC0-301F-11D3-BF4B-00C04F79EFBC}") = "learning-csharp-blazor-lib", "src\learning-csharp-blazor-lib\learning-csharp-blazor-lib.csproj", "{FCAC9AA9-18ED-45D3-9D54-2223460899EA}"
EndProject
Project("{2150E333-8FDC-42A3-9474-1A3956D46DE8}") = "misc", "misc", "{44E63F53-64EE-4144-9528-82AC7B2AD2BA}"
	ProjectSection(SolutionItems) = preProject
		.editorconfig = .editorconfig
		.gitignore = .gitignore
		docker-compose.yml = docker-compose.yml
		global.json = global.json
		README.md = README.md
	EndProjectSection
EndProject
Project("{2150E333-8FDC-42A3-9474-1A3956D46DE8}") = "src", "src", "{6C08C4AC-B649-4955-A61A-E0D00014EA60}"
EndProject
Project("{FAE04EC0-301F-11D3-BF4B-00C04F79EFBC}") = "walkthrough-using-msbuild", "src\walkthrough-using-msbuild\walkthrough-using-msbuild.csproj", "{9B46F30A-CA7F-4359-9CAC-517C2A4AB567}"
EndProject
Project("{FAE04EC0-301F-11D3-BF4B-00C04F79EFBC}") = "learning-nuget", "src\learning-nuget\learning-nuget.csproj", "{75EF8948-457F-47F1-B542-43D3FF09F7D8}"
EndProject
Project("{2150E333-8FDC-42A3-9474-1A3956D46DE8}") = "yzk", "yzk", "{89AA5412-F7DE-4813-8214-F472CC6DB744}"
EndProject
Project("{FAE04EC0-301F-11D3-BF4B-00C04F79EFBC}") = "p11", "src\yzk\p11\p11.csproj", "{41E79095-6F11-43EF-9FB1-D0DFABDF9C2D}"
EndProject
Project("{FAE04EC0-301F-11D3-BF4B-00C04F79EFBC}") = "p12", "src\yzk\p12\p12.csproj", "{5A9A42D5-16AE-4945-8B91-C8DB36F42A0F}"
EndProject
Project("{FAE04EC0-301F-11D3-BF4B-00C04F79EFBC}") = "p14", "src\yzk\p14\p14.csproj", "{FC960E54-ABDA-40FB-8A12-97EB006A250C}"
EndProject
Project("{FAE04EC0-301F-11D3-BF4B-00C04F79EFBC}") = "p15", "src\yzk\p15\p15.csproj", "{E4253D45-21F7-486E-BB83-A44AA0F9CC9D}"
EndProject
Project("{FAE04EC0-301F-11D3-BF4B-00C04F79EFBC}") = "p16", "src\yzk\p16\p16.csproj", "{04386CCD-F70B-4056-BFB4-CCDFC33D1AB9}"
EndProject
Project("{FAE04EC0-301F-11D3-BF4B-00C04F79EFBC}") = "p18", "src\yzk\p18\p18.csproj", "{62E08CB1-C8E1-4C7B-95E1-51619AC1A36F}"
EndProject
Project("{FAE04EC0-301F-11D3-BF4B-00C04F79EFBC}") = "p19", "src\yzk\p19\p19.csproj", "{4F87A24C-1606-4D98-890F-AEFD7610A372}"
EndProject
Project("{FAE04EC0-301F-11D3-BF4B-00C04F79EFBC}") = "p20", "src\yzk\p20\p20.csproj", "{85CB71FE-AEB2-474E-A230-D755268864CC}"
EndProject
Project("{FAE04EC0-301F-11D3-BF4B-00C04F79EFBC}") = "p24", "src\yzk\p24\p24.csproj", "{0B16E109-3E4C-46A2-9233-9BE96329F865}"
EndProject
Global
	GlobalSection(SolutionConfigurationPlatforms) = preSolution
		Debug|Any CPU = Debug|Any CPU
		Release|Any CPU = Release|Any CPU
	EndGlobalSection
	GlobalSection(ProjectConfigurationPlatforms) = postSolution
		{D217E881-3279-4278-AE3A-175F5954F9B6}.Debug|Any CPU.ActiveCfg = Debug|Any CPU
		{D217E881-3279-4278-AE3A-175F5954F9B6}.Debug|Any CPU.Build.0 = Debug|Any CPU
		{D217E881-3279-4278-AE3A-175F5954F9B6}.Release|Any CPU.ActiveCfg = Release|Any CPU
		{D217E881-3279-4278-AE3A-175F5954F9B6}.Release|Any CPU.Build.0 = Release|Any CPU
		{68E386B4-C016-4AB7-928E-B9E32C3E2E9F}.Debug|Any CPU.ActiveCfg = Debug|Any CPU
		{68E386B4-C016-4AB7-928E-B9E32C3E2E9F}.Debug|Any CPU.Build.0 = Debug|Any CPU
		{68E386B4-C016-4AB7-928E-B9E32C3E2E9F}.Release|Any CPU.ActiveCfg = Release|Any CPU
		{68E386B4-C016-4AB7-928E-B9E32C3E2E9F}.Release|Any CPU.Build.0 = Release|Any CPU
		{B6EBA519-5EA4-462C-BDFF-1D9B439FC0EF}.Debug|Any CPU.ActiveCfg = Debug|Any CPU
		{B6EBA519-5EA4-462C-BDFF-1D9B439FC0EF}.Debug|Any CPU.Build.0 = Debug|Any CPU
		{B6EBA519-5EA4-462C-BDFF-1D9B439FC0EF}.Release|Any CPU.ActiveCfg = Release|Any CPU
		{B6EBA519-5EA4-462C-BDFF-1D9B439FC0EF}.Release|Any CPU.Build.0 = Release|Any CPU
		{DB62554B-9D30-4BE6-AD2C-8C37C9AC92A5}.Debug|Any CPU.ActiveCfg = Debug|Any CPU
		{DB62554B-9D30-4BE6-AD2C-8C37C9AC92A5}.Debug|Any CPU.Build.0 = Debug|Any CPU
		{DB62554B-9D30-4BE6-AD2C-8C37C9AC92A5}.Release|Any CPU.ActiveCfg = Release|Any CPU
		{DB62554B-9D30-4BE6-AD2C-8C37C9AC92A5}.Release|Any CPU.Build.0 = Release|Any CPU
		{36EEFD00-4EBC-4520-B4C7-C5C3059003F9}.Debug|Any CPU.ActiveCfg = Debug|Any CPU
		{36EEFD00-4EBC-4520-B4C7-C5C3059003F9}.Debug|Any CPU.Build.0 = Debug|Any CPU
		{36EEFD00-4EBC-4520-B4C7-C5C3059003F9}.Release|Any CPU.ActiveCfg = Release|Any CPU
		{36EEFD00-4EBC-4520-B4C7-C5C3059003F9}.Release|Any CPU.Build.0 = Release|Any CPU
		{1214194D-82BD-41DD-BCA4-98D224E9426C}.Debug|Any CPU.ActiveCfg = Debug|Any CPU
		{1214194D-82BD-41DD-BCA4-98D224E9426C}.Debug|Any CPU.Build.0 = Debug|Any CPU
		{1214194D-82BD-41DD-BCA4-98D224E9426C}.Release|Any CPU.ActiveCfg = Release|Any CPU
		{1214194D-82BD-41DD-BCA4-98D224E9426C}.Release|Any CPU.Build.0 = Release|Any CPU
		{51073340-1B73-442A-82A1-2ECA4E2B3484}.Debug|Any CPU.ActiveCfg = Debug|Any CPU
		{51073340-1B73-442A-82A1-2ECA4E2B3484}.Debug|Any CPU.Build.0 = Debug|Any CPU
		{51073340-1B73-442A-82A1-2ECA4E2B3484}.Release|Any CPU.ActiveCfg = Release|Any CPU
		{51073340-1B73-442A-82A1-2ECA4E2B3484}.Release|Any CPU.Build.0 = Release|Any CPU
		{6CE9DE95-E2BC-470F-8055-3895E6EF3C51}.Debug|Any CPU.ActiveCfg = Debug|Any CPU
		{6CE9DE95-E2BC-470F-8055-3895E6EF3C51}.Debug|Any CPU.Build.0 = Debug|Any CPU
		{6CE9DE95-E2BC-470F-8055-3895E6EF3C51}.Release|Any CPU.ActiveCfg = Release|Any CPU
		{6CE9DE95-E2BC-470F-8055-3895E6EF3C51}.Release|Any CPU.Build.0 = Release|Any CPU
		{BDF76CDE-368A-4F0D-AE91-2BDC8A7BD5FA}.Debug|Any CPU.ActiveCfg = Debug|Any CPU
		{BDF76CDE-368A-4F0D-AE91-2BDC8A7BD5FA}.Debug|Any CPU.Build.0 = Debug|Any CPU
		{BDF76CDE-368A-4F0D-AE91-2BDC8A7BD5FA}.Release|Any CPU.ActiveCfg = Release|Any CPU
		{BDF76CDE-368A-4F0D-AE91-2BDC8A7BD5FA}.Release|Any CPU.Build.0 = Release|Any CPU
		{FCAC9AA9-18ED-45D3-9D54-2223460899EA}.Debug|Any CPU.ActiveCfg = Debug|Any CPU
		{FCAC9AA9-18ED-45D3-9D54-2223460899EA}.Debug|Any CPU.Build.0 = Debug|Any CPU
		{FCAC9AA9-18ED-45D3-9D54-2223460899EA}.Release|Any CPU.ActiveCfg = Release|Any CPU
		{FCAC9AA9-18ED-45D3-9D54-2223460899EA}.Release|Any CPU.Build.0 = Release|Any CPU
		{9B46F30A-CA7F-4359-9CAC-517C2A4AB567}.Debug|Any CPU.ActiveCfg = Debug|Any CPU
		{9B46F30A-CA7F-4359-9CAC-517C2A4AB567}.Debug|Any CPU.Build.0 = Debug|Any CPU
		{9B46F30A-CA7F-4359-9CAC-517C2A4AB567}.Release|Any CPU.ActiveCfg = Release|Any CPU
		{9B46F30A-CA7F-4359-9CAC-517C2A4AB567}.Release|Any CPU.Build.0 = Release|Any CPU
		{75EF8948-457F-47F1-B542-43D3FF09F7D8}.Debug|Any CPU.ActiveCfg = Debug|Any CPU
		{75EF8948-457F-47F1-B542-43D3FF09F7D8}.Debug|Any CPU.Build.0 = Debug|Any CPU
		{75EF8948-457F-47F1-B542-43D3FF09F7D8}.Release|Any CPU.ActiveCfg = Release|Any CPU
		{75EF8948-457F-47F1-B542-43D3FF09F7D8}.Release|Any CPU.Build.0 = Release|Any CPU
		{41E79095-6F11-43EF-9FB1-D0DFABDF9C2D}.Debug|Any CPU.ActiveCfg = Debug|Any CPU
		{41E79095-6F11-43EF-9FB1-D0DFABDF9C2D}.Debug|Any CPU.Build.0 = Debug|Any CPU
		{41E79095-6F11-43EF-9FB1-D0DFABDF9C2D}.Release|Any CPU.ActiveCfg = Release|Any CPU
		{41E79095-6F11-43EF-9FB1-D0DFABDF9C2D}.Release|Any CPU.Build.0 = Release|Any CPU
		{5A9A42D5-16AE-4945-8B91-C8DB36F42A0F}.Debug|Any CPU.ActiveCfg = Debug|Any CPU
		{5A9A42D5-16AE-4945-8B91-C8DB36F42A0F}.Debug|Any CPU.Build.0 = Debug|Any CPU
		{5A9A42D5-16AE-4945-8B91-C8DB36F42A0F}.Release|Any CPU.ActiveCfg = Release|Any CPU
		{5A9A42D5-16AE-4945-8B91-C8DB36F42A0F}.Release|Any CPU.Build.0 = Release|Any CPU
		{FC960E54-ABDA-40FB-8A12-97EB006A250C}.Debug|Any CPU.ActiveCfg = Debug|Any CPU
		{FC960E54-ABDA-40FB-8A12-97EB006A250C}.Debug|Any CPU.Build.0 = Debug|Any CPU
		{FC960E54-ABDA-40FB-8A12-97EB006A250C}.Release|Any CPU.ActiveCfg = Release|Any CPU
		{FC960E54-ABDA-40FB-8A12-97EB006A250C}.Release|Any CPU.Build.0 = Release|Any CPU
		{E4253D45-21F7-486E-BB83-A44AA0F9CC9D}.Debug|Any CPU.ActiveCfg = Debug|Any CPU
		{E4253D45-21F7-486E-BB83-A44AA0F9CC9D}.Debug|Any CPU.Build.0 = Debug|Any CPU
		{E4253D45-21F7-486E-BB83-A44AA0F9CC9D}.Release|Any CPU.ActiveCfg = Release|Any CPU
		{E4253D45-21F7-486E-BB83-A44AA0F9CC9D}.Release|Any CPU.Build.0 = Release|Any CPU
		{04386CCD-F70B-4056-BFB4-CCDFC33D1AB9}.Debug|Any CPU.ActiveCfg = Debug|Any CPU
		{04386CCD-F70B-4056-BFB4-CCDFC33D1AB9}.Debug|Any CPU.Build.0 = Debug|Any CPU
		{04386CCD-F70B-4056-BFB4-CCDFC33D1AB9}.Release|Any CPU.ActiveCfg = Release|Any CPU
		{04386CCD-F70B-4056-BFB4-CCDFC33D1AB9}.Release|Any CPU.Build.0 = Release|Any CPU
		{62E08CB1-C8E1-4C7B-95E1-51619AC1A36F}.Debug|Any CPU.ActiveCfg = Debug|Any CPU
		{62E08CB1-C8E1-4C7B-95E1-51619AC1A36F}.Debug|Any CPU.Build.0 = Debug|Any CPU
		{62E08CB1-C8E1-4C7B-95E1-51619AC1A36F}.Release|Any CPU.ActiveCfg = Release|Any CPU
		{62E08CB1-C8E1-4C7B-95E1-51619AC1A36F}.Release|Any CPU.Build.0 = Release|Any CPU
		{4F87A24C-1606-4D98-890F-AEFD7610A372}.Debug|Any CPU.ActiveCfg = Debug|Any CPU
		{4F87A24C-1606-4D98-890F-AEFD7610A372}.Debug|Any CPU.Build.0 = Debug|Any CPU
		{4F87A24C-1606-4D98-890F-AEFD7610A372}.Release|Any CPU.ActiveCfg = Release|Any CPU
		{4F87A24C-1606-4D98-890F-AEFD7610A372}.Release|Any CPU.Build.0 = Release|Any CPU
		{85CB71FE-AEB2-474E-A230-D755268864CC}.Debug|Any CPU.ActiveCfg = Debug|Any CPU
		{85CB71FE-AEB2-474E-A230-D755268864CC}.Debug|Any CPU.Build.0 = Debug|Any CPU
		{85CB71FE-AEB2-474E-A230-D755268864CC}.Release|Any CPU.ActiveCfg = Release|Any CPU
		{85CB71FE-AEB2-474E-A230-D755268864CC}.Release|Any CPU.Build.0 = Release|Any CPU
		{0B16E109-3E4C-46A2-9233-9BE96329F865}.Debug|Any CPU.ActiveCfg = Debug|Any CPU
		{0B16E109-3E4C-46A2-9233-9BE96329F865}.Debug|Any CPU.Build.0 = Debug|Any CPU
		{0B16E109-3E4C-46A2-9233-9BE96329F865}.Release|Any CPU.ActiveCfg = Release|Any CPU
		{0B16E109-3E4C-46A2-9233-9BE96329F865}.Release|Any CPU.Build.0 = Release|Any CPU
	EndGlobalSection
	GlobalSection(NestedProjects) = preSolution
		{D217E881-3279-4278-AE3A-175F5954F9B6} = {6C08C4AC-B649-4955-A61A-E0D00014EA60}
		{6CE9DE95-E2BC-470F-8055-3895E6EF3C51} = {6C08C4AC-B649-4955-A61A-E0D00014EA60}
		{BDF76CDE-368A-4F0D-AE91-2BDC8A7BD5FA} = {6C08C4AC-B649-4955-A61A-E0D00014EA60}
		{FCAC9AA9-18ED-45D3-9D54-2223460899EA} = {6C08C4AC-B649-4955-A61A-E0D00014EA60}
		{B6EBA519-5EA4-462C-BDFF-1D9B439FC0EF} = {6C08C4AC-B649-4955-A61A-E0D00014EA60}
		{51073340-1B73-442A-82A1-2ECA4E2B3484} = {6C08C4AC-B649-4955-A61A-E0D00014EA60}
		{36EEFD00-4EBC-4520-B4C7-C5C3059003F9} = {6C08C4AC-B649-4955-A61A-E0D00014EA60}
		{DB62554B-9D30-4BE6-AD2C-8C37C9AC92A5} = {6C08C4AC-B649-4955-A61A-E0D00014EA60}
		{1214194D-82BD-41DD-BCA4-98D224E9426C} = {6C08C4AC-B649-4955-A61A-E0D00014EA60}
		{68E386B4-C016-4AB7-928E-B9E32C3E2E9F} = {6C08C4AC-B649-4955-A61A-E0D00014EA60}
		{75EF8948-457F-47F1-B542-43D3FF09F7D8} = {6C08C4AC-B649-4955-A61A-E0D00014EA60}
		{89AA5412-F7DE-4813-8214-F472CC6DB744} = {6C08C4AC-B649-4955-A61A-E0D00014EA60}
		{41E79095-6F11-43EF-9FB1-D0DFABDF9C2D} = {89AA5412-F7DE-4813-8214-F472CC6DB744}
		{5A9A42D5-16AE-4945-8B91-C8DB36F42A0F} = {89AA5412-F7DE-4813-8214-F472CC6DB744}
		{FC960E54-ABDA-40FB-8A12-97EB006A250C} = {89AA5412-F7DE-4813-8214-F472CC6DB744}
		{E4253D45-21F7-486E-BB83-A44AA0F9CC9D} = {89AA5412-F7DE-4813-8214-F472CC6DB744}
		{04386CCD-F70B-4056-BFB4-CCDFC33D1AB9} = {89AA5412-F7DE-4813-8214-F472CC6DB744}
		{62E08CB1-C8E1-4C7B-95E1-51619AC1A36F} = {89AA5412-F7DE-4813-8214-F472CC6DB744}
		{4F87A24C-1606-4D98-890F-AEFD7610A372} = {89AA5412-F7DE-4813-8214-F472CC6DB744}
		{85CB71FE-AEB2-474E-A230-D755268864CC} = {89AA5412-F7DE-4813-8214-F472CC6DB744}
		{0B16E109-3E4C-46A2-9233-9BE96329F865} = {89AA5412-F7DE-4813-8214-F472CC6DB744}
	EndGlobalSection
EndGlobal
