
Microsoft Visual Studio Solution File, Format Version 12.00
Project("{FAE04EC0-301F-11D3-BF4B-00C04F79EFBC}") = "learning-csharp", "src\learning-csharp\learning-csharp.csproj", "{68E386B4-C016-4AB7-928E-B9E32C3E2E9F}"
EndProject
Project("{2150E333-8FDC-42A3-9474-1A3956D46DE8}") = "misc", "misc", "{44E63F53-64EE-4144-9528-82AC7B2AD2BA}"
	ProjectSection(SolutionItems) = preProject
		.editorconfig = .editorconfig
		.gitignore = .gitignore
		docker-compose.yml = docker-compose.yml
		global.json = global.json
		README.md = README.md
		VOCABULARY.md = VOCABULARY.md
	EndProjectSection
EndProject
Project("{2150E333-8FDC-42A3-9474-1A3956D46DE8}") = "src", "src", "{6C08C4AC-B649-4955-A61A-E0D00014EA60}"
EndProject
Project("{FAE04EC0-301F-11D3-BF4B-00C04F79EFBC}") = "CalculatorLibrary", "src\CalculatorLibrary\CalculatorLibrary.csproj", "{AD332C60-7DAA-4CC0-A1E2-8EC5FF897D5C}"
EndProject
Global
	GlobalSection(SolutionConfigurationPlatforms) = preSolution
		Debug|Any CPU = Debug|Any CPU
		Release|Any CPU = Release|Any CPU
	EndGlobalSection
	GlobalSection(ProjectConfigurationPlatforms) = postSolution
		{68E386B4-C016-4AB7-928E-B9E32C3E2E9F}.Debug|Any CPU.ActiveCfg = Debug|Any CPU
		{68E386B4-C016-4AB7-928E-B9E32C3E2E9F}.Debug|Any CPU.Build.0 = Debug|Any CPU
		{68E386B4-C016-4AB7-928E-B9E32C3E2E9F}.Release|Any CPU.ActiveCfg = Release|Any CPU
		{68E386B4-C016-4AB7-928E-B9E32C3E2E9F}.Release|Any CPU.Build.0 = Release|Any CPU
		{AD332C60-7DAA-4CC0-A1E2-8EC5FF897D5C}.Debug|Any CPU.ActiveCfg = Debug|Any CPU
		{AD332C60-7DAA-4CC0-A1E2-8EC5FF897D5C}.Debug|Any CPU.Build.0 = Debug|Any CPU
		{AD332C60-7DAA-4CC0-A1E2-8EC5FF897D5C}.Release|Any CPU.ActiveCfg = Release|Any CPU
		{AD332C60-7DAA-4CC0-A1E2-8EC5FF897D5C}.Release|Any CPU.Build.0 = Release|Any CPU
	EndGlobalSection
	GlobalSection(NestedProjects) = preSolution
		{68E386B4-C016-4AB7-928E-B9E32C3E2E9F} = {6C08C4AC-B649-4955-A61A-E0D00014EA60}
		{AD332C60-7DAA-4CC0-A1E2-8EC5FF897D5C} = {6C08C4AC-B649-4955-A61A-E0D00014EA60}
	EndGlobalSection
EndGlobal
